{
  "name": "senior-interview",
  "version": "1.0.0",
  "lockfileVersion": 1,
  "requires": true,
  "dependencies": {
    "@babel/code-frame": {
      "version": "7.16.7",
      "resolved": "https://registry.npmjs.org/@babel/code-frame/-/code-frame-7.16.7.tgz",
      "integrity": "sha512-iAXqUn8IIeBTNd72xsFlgaXHkMBMt6y4HJp1tIaK465CWLT/fG1aqB7ykr95gHHmlBdGbFeWWfyB4NJJ0nmeIg==",
      "requires": {
        "@babel/highlight": "^7.16.7"
      }
    },
    "@babel/generator": {
      "version": "7.17.9",
      "resolved": "https://registry.npmjs.org/@babel/generator/-/generator-7.17.9.tgz",
      "integrity": "sha512-rAdDousTwxbIxbz5I7GEQ3lUip+xVCXooZNbsydCWs3xA7ZsYOv+CFRdzGxRX78BmQHu9B1Eso59AOZQOJDEdQ==",
      "requires": {
        "@babel/types": "^7.17.0",
        "jsesc": "^2.5.1",
        "source-map": "^0.5.0"
      }
    },
    "@babel/helper-annotate-as-pure": {
      "version": "7.16.7",
      "resolved": "https://registry.npmjs.org/@babel/helper-annotate-as-pure/-/helper-annotate-as-pure-7.16.7.tgz",
      "integrity": "sha512-s6t2w/IPQVTAET1HitoowRGXooX8mCgtuP5195wD/QJPV6wYjpujCGF7JuMODVX2ZAJOf1GT6DT9MHEZvLOFSw==",
      "requires": {
        "@babel/types": "^7.16.7"
      }
    },
    "@babel/helper-environment-visitor": {
      "version": "7.16.7",
      "resolved": "https://registry.npmjs.org/@babel/helper-environment-visitor/-/helper-environment-visitor-7.16.7.tgz",
      "integrity": "sha512-SLLb0AAn6PkUeAfKJCCOl9e1R53pQlGAfc4y4XuMRZfqeMYLE0dM1LMhqbGAlGQY0lfw5/ohoYWAe9V1yibRag==",
      "requires": {
        "@babel/types": "^7.16.7"
      }
    },
    "@babel/helper-function-name": {
      "version": "7.17.9",
      "resolved": "https://registry.npmjs.org/@babel/helper-function-name/-/helper-function-name-7.17.9.tgz",
      "integrity": "sha512-7cRisGlVtiVqZ0MW0/yFB4atgpGLWEHUVYnb448hZK4x+vih0YO5UoS11XIYtZYqHd0dIPMdUSv8q5K4LdMnIg==",
      "requires": {
        "@babel/template": "^7.16.7",
        "@babel/types": "^7.17.0"
      }
    },
    "@babel/helper-hoist-variables": {
      "version": "7.16.7",
      "resolved": "https://registry.npmjs.org/@babel/helper-hoist-variables/-/helper-hoist-variables-7.16.7.tgz",
      "integrity": "sha512-m04d/0Op34H5v7pbZw6pSKP7weA6lsMvfiIAMeIvkY/R4xQtBSMFEigu9QTZ2qB/9l22vsxtM8a+Q8CzD255fg==",
      "requires": {
        "@babel/types": "^7.16.7"
      }
    },
    "@babel/helper-module-imports": {
      "version": "7.16.7",
      "resolved": "https://registry.npmjs.org/@babel/helper-module-imports/-/helper-module-imports-7.16.7.tgz",
      "integrity": "sha512-LVtS6TqjJHFc+nYeITRo6VLXve70xmq7wPhWTqDJusJEgGmkAACWwMiTNrvfoQo6hEhFwAIixNkvB0jPXDL8Wg==",
      "requires": {
        "@babel/types": "^7.16.7"
      }
    },
    "@babel/helper-split-export-declaration": {
      "version": "7.16.7",
      "resolved": "https://registry.npmjs.org/@babel/helper-split-export-declaration/-/helper-split-export-declaration-7.16.7.tgz",
      "integrity": "sha512-xbWoy/PFoxSWazIToT9Sif+jJTlrMcndIsaOKvTA6u7QEo7ilkRZpjew18/W3c7nm8fXdUDXh02VXTbZ0pGDNw==",
      "requires": {
        "@babel/types": "^7.16.7"
      }
    },
    "@babel/helper-validator-identifier": {
      "version": "7.16.7",
      "resolved": "https://registry.npmjs.org/@babel/helper-validator-identifier/-/helper-validator-identifier-7.16.7.tgz",
      "integrity": "sha512-hsEnFemeiW4D08A5gUAZxLBTXpZ39P+a+DGDsHw1yxqyQ/jzFEnxf5uTEGp+3bzAbNOxU1paTgYS4ECU/IgfDw=="
    },
    "@babel/highlight": {
      "version": "7.17.9",
      "resolved": "https://registry.npmjs.org/@babel/highlight/-/highlight-7.17.9.tgz",
      "integrity": "sha512-J9PfEKCbFIv2X5bjTMiZu6Vf341N05QIY+d6FvVKynkG1S7G0j3I0QoRtWIrXhZ+/Nlb5Q0MzqL7TokEJ5BNHg==",
      "requires": {
        "@babel/helper-validator-identifier": "^7.16.7",
        "chalk": "^2.0.0",
        "js-tokens": "^4.0.0"
      }
    },
    "@babel/parser": {
      "version": "7.17.9",
      "resolved": "https://registry.npmjs.org/@babel/parser/-/parser-7.17.9.tgz",
      "integrity": "sha512-vqUSBLP8dQHFPdPi9bc5GK9vRkYHJ49fsZdtoJ8EQ8ibpwk5rPKfvNIwChB0KVXcIjcepEBBd2VHC5r9Gy8ueg=="
    },
    "@babel/runtime": {
      "version": "7.17.9",
      "resolved": "https://registry.npmjs.org/@babel/runtime/-/runtime-7.17.9.tgz",
      "integrity": "sha512-lSiBBvodq29uShpWGNbgFdKYNiFDo5/HIYsaCEY9ff4sb10x9jizo2+pRrSyF4jKZCXqgzuqBOQKbUm90gQwJg==",
      "requires": {
        "regenerator-runtime": "^0.13.4"
      }
    },
    "@babel/template": {
      "version": "7.16.7",
      "resolved": "https://registry.npmjs.org/@babel/template/-/template-7.16.7.tgz",
      "integrity": "sha512-I8j/x8kHUrbYRTUxXrrMbfCa7jxkE7tZre39x3kjr9hvI82cK1FfqLygotcWN5kdPGWcLdWMHpSBavse5tWw3w==",
      "requires": {
        "@babel/code-frame": "^7.16.7",
        "@babel/parser": "^7.16.7",
        "@babel/types": "^7.16.7"
      }
    },
    "@babel/traverse": {
      "version": "7.17.9",
      "resolved": "https://registry.npmjs.org/@babel/traverse/-/traverse-7.17.9.tgz",
      "integrity": "sha512-PQO8sDIJ8SIwipTPiR71kJQCKQYB5NGImbOviK8K+kg5xkNSYXLBupuX9QhatFowrsvo9Hj8WgArg3W7ijNAQw==",
      "requires": {
        "@babel/code-frame": "^7.16.7",
        "@babel/generator": "^7.17.9",
        "@babel/helper-environment-visitor": "^7.16.7",
        "@babel/helper-function-name": "^7.17.9",
        "@babel/helper-hoist-variables": "^7.16.7",
        "@babel/helper-split-export-declaration": "^7.16.7",
        "@babel/parser": "^7.17.9",
        "@babel/types": "^7.17.0",
        "debug": "^4.1.0",
        "globals": "^11.1.0"
      }
    },
    "@babel/types": {
      "version": "7.17.0",
      "resolved": "https://registry.npmjs.org/@babel/types/-/types-7.17.0.tgz",
      "integrity": "sha512-TmKSNO4D5rzhL5bjWFcVHHLETzfQ/AmbKpKPOSjlP0WoHZ6L911fgoOKY4Alp/emzG4cHJdyN49zpgkbXFEHHw==",
      "requires": {
        "@babel/helper-validator-identifier": "^7.16.7",
        "to-fast-properties": "^2.0.0"
      }
    },
    "@carbon/colors": {
      "version": "11.1.0",
      "resolved": "https://registry.npmjs.org/@carbon/colors/-/colors-11.1.0.tgz",
      "integrity": "sha512-06VIETXyOgZRNkrZBG+scq5r2souu1klJntSvKaiuDCCgWa3zvMEx0PSGmlnQbj8fCMJlUYx6fUHq6WD9h84pQ=="
    },
    "@carbon/feature-flags": {
      "version": "0.7.0",
      "resolved": "https://registry.npmjs.org/@carbon/feature-flags/-/feature-flags-0.7.0.tgz",
      "integrity": "sha512-nxVvnSMC6Ia/xn0j02FHPATfB/Iv6nnkZAQ6GrEdPLivSF1T2oaTvgawUsXBO8RBX7wQBq5l7uW8qH/0WfjIFw=="
    },
    "@carbon/grid": {
      "version": "11.1.0",
      "resolved": "https://registry.npmjs.org/@carbon/grid/-/grid-11.1.0.tgz",
      "integrity": "sha512-AS78yH03bEqBysxRQ/zujAJTE69NLBsNezDiECUFf+VAS6hJQi0LSDxuuo6HOKQpLqUANj4d6eZdcnrIuw/Z5A==",
      "requires": {
        "@carbon/layout": "^11.1.0"
      }
    },
    "@carbon/icon-helpers": {
      "version": "10.29.0",
      "resolved": "https://registry.npmjs.org/@carbon/icon-helpers/-/icon-helpers-10.29.0.tgz",
      "integrity": "sha512-QlYdeL97klhqahsayK6uEDPtr7imU4bdaudWPVZojg+7Uio3WNzb5iUNLkWA5zRLvP4xgcjSpbdDX2sT3CgL2A=="
    },
    "@carbon/icons-react": {
      "version": "11.1.0",
      "resolved": "https://registry.npmjs.org/@carbon/icons-react/-/icons-react-11.1.0.tgz",
      "integrity": "sha512-+3Kd1Fqt88jrI8hrIYBeWZe62U/Rjv4m7uBR0+d85Vea8JuTSqptAYrCJLxIiMiv0jsp+FFEi0thXrQBgng+lw==",
      "requires": {
        "@carbon/icon-helpers": "^10.29.0",
        "@carbon/telemetry": "0.1.0",
        "prop-types": "^15.7.2"
      }
    },
    "@carbon/layout": {
      "version": "11.1.0",
      "resolved": "https://registry.npmjs.org/@carbon/layout/-/layout-11.1.0.tgz",
      "integrity": "sha512-aryW3p8nr4xjPtr8uN5oheV9ymtVf6SCYgSkDhCPFSIK8UZt1SCUMobaMVRi3stKTm/7B9WzC27T9nKGz336aA=="
    },
    "@carbon/motion": {
      "version": "11.0.0",
      "resolved": "https://registry.npmjs.org/@carbon/motion/-/motion-11.0.0.tgz",
      "integrity": "sha512-3KYZJEALeYq99EF/LyIbfa8NvkWeZAeAjlqlYGmCCs8rDihaX97NQ4QgfMT9kwzjD/3sEjV5CTmvI2CJJw0RfA=="
    },
    "@carbon/react": {
      "version": "1.1.0",
      "resolved": "https://registry.npmjs.org/@carbon/react/-/react-1.1.0.tgz",
      "integrity": "sha512-Qb9xFugyauDh2hxxQd1u/gAXOS4EPmV1QDsYpIE9GEzyEcT/qU1WUCvGA6y6jAljbXc+w94vOyGx8Hi70cMr5Q==",
      "requires": {
        "@babel/runtime": "^7.16.7",
        "@carbon/feature-flags": "^0.7.0",
        "@carbon/icons-react": "^11.1.0",
        "@carbon/layout": "^11.1.0",
        "@carbon/styles": "^1.1.0",
        "@carbon/telemetry": "0.1.0",
        "classnames": "2.3.1",
        "copy-to-clipboard": "^3.3.1",
        "downshift": "5.2.1",
        "flatpickr": "4.6.9",
        "invariant": "^2.2.3",
        "lodash.debounce": "^4.0.8",
        "lodash.findlast": "^4.5.0",
        "lodash.isequal": "^4.5.0",
        "lodash.omit": "^4.5.0",
        "lodash.throttle": "^4.1.1",
        "prop-types": "^15.7.2",
        "react-is": "^17.0.2",
        "use-resize-observer": "^6.0.0",
        "wicg-inert": "^3.1.1",
        "window-or-global": "^1.0.1"
      },
      "dependencies": {
        "react-is": {
          "version": "17.0.2",
          "resolved": "https://registry.npmjs.org/react-is/-/react-is-17.0.2.tgz",
          "integrity": "sha512-w2GsyukL62IJnlaff/nRegPQR94C/XXamvMWmSHRJ4y7Ts/4ocGRmTHvOs8PSE6pB3dWOrD/nueuU5sduBsQ4w=="
        }
      }
    },
    "@carbon/styles": {
      "version": "1.1.0",
      "resolved": "https://registry.npmjs.org/@carbon/styles/-/styles-1.1.0.tgz",
      "integrity": "sha512-RaG6FL/uu/nsfikL12teWpRbR2TU0Vw/1w9wCD5KSIuu5i0y3Q1wpbeEluL9VCjyIGQUUCOs9pWfOSPAYm+XdQ==",
      "requires": {
        "@carbon/colors": "^11.1.0",
        "@carbon/feature-flags": "^0.7.0",
        "@carbon/grid": "^11.1.0",
        "@carbon/layout": "^11.1.0",
        "@carbon/motion": "^11.0.0",
        "@carbon/themes": "^11.1.0",
        "@carbon/type": "^11.1.0",
        "@ibm/plex": "6.0.0-next.6"
      }
    },
    "@carbon/telemetry": {
      "version": "0.1.0",
      "resolved": "https://registry.npmjs.org/@carbon/telemetry/-/telemetry-0.1.0.tgz",
      "integrity": "sha512-kNWt0bkgPwGW0i5h7HFuljbKRXPvIhsKbB+1tEURAYLXoJg9iJLF1eGvWN5iVoFCS2zje4GR3OGOsvvKVe7Hlg=="
    },
    "@carbon/themes": {
      "version": "11.1.0",
      "resolved": "https://registry.npmjs.org/@carbon/themes/-/themes-11.1.0.tgz",
      "integrity": "sha512-CMdRv4Bm9VFHkvZLXeIdR17PqjrKuq4rW8bO6H7dzO0w16FwS42WRXZQISkyLmWG1NgEn8FT3Vt07aprp67AyQ==",
      "requires": {
        "@carbon/colors": "^11.1.0",
        "@carbon/layout": "^11.1.0",
        "@carbon/type": "^11.1.0",
        "color": "^3.1.2"
      }
    },
    "@carbon/type": {
      "version": "11.1.0",
      "resolved": "https://registry.npmjs.org/@carbon/type/-/type-11.1.0.tgz",
      "integrity": "sha512-oyMzn21Waes+enaTHNflXCiWFTpqfO4xfcln9tFeN5awY5HTOEYAjX3fXmTtBRbwA9b5/3DWrLNWkbJ3Hh6Tnw==",
      "requires": {
        "@carbon/grid": "^11.1.0"
      }
    },
    "@emotion/is-prop-valid": {
      "version": "1.1.2",
      "resolved": "https://registry.npmjs.org/@emotion/is-prop-valid/-/is-prop-valid-1.1.2.tgz",
      "integrity": "sha512-3QnhqeL+WW88YjYbQL5gUIkthuMw7a0NGbZ7wfFVk2kg/CK5w8w5FFa0RzWjyY1+sujN0NWbtSHH6OJmWHtJpQ==",
      "requires": {
        "@emotion/memoize": "^0.7.4"
      }
    },
    "@emotion/memoize": {
      "version": "0.7.5",
      "resolved": "https://registry.npmjs.org/@emotion/memoize/-/memoize-0.7.5.tgz",
      "integrity": "sha512-igX9a37DR2ZPGYtV6suZ6whr8pTFtyHL3K/oLUotxpSVO2ASaprmAe2Dkq7tBo7CRY7MMDrAa9nuQP9/YG8FxQ=="
    },
    "@emotion/stylis": {
      "version": "0.8.5",
      "resolved": "https://registry.npmjs.org/@emotion/stylis/-/stylis-0.8.5.tgz",
      "integrity": "sha512-h6KtPihKFn3T9fuIrwvXXUOwlx3rfUvfZIcP5a6rh8Y7zjE3O06hT5Ss4S/YI1AYhuZ1kjaE/5EaOOI2NqSylQ=="
    },
    "@emotion/unitless": {
      "version": "0.7.5",
      "resolved": "https://registry.npmjs.org/@emotion/unitless/-/unitless-0.7.5.tgz",
      "integrity": "sha512-OWORNpfjMsSSUBVrRBVGECkhWcULOAJz9ZW8uK9qgxD+87M7jHRcvh/A96XXNhXTLmKcoYSQtBEX7lHMO7YRwg=="
    },
    "@ibm/plex": {
      "version": "6.0.0-next.6",
      "resolved": "https://registry.npmjs.org/@ibm/plex/-/plex-6.0.0-next.6.tgz",
      "integrity": "sha512-B3uGruTn2rS5gweynLmfSe7yCawSRsJguJJQHVQiqf4rh2RNgJFu8YLE2Zd/JHV0ZXoVMOslcXP2k3hMkxKEyA=="
    },
    "@next/env": {
      "version": "12.1.1",
      "resolved": "https://registry.npmjs.org/@next/env/-/env-12.1.1.tgz",
      "integrity": "sha512-VmTRkfo/IXOQCATndjW3OjKb8zmAuB07eDdzO9XvuXZP87SyvnCYw3jrhUuFhOe/FVsKiloafa5LJfToUpvjUQ=="
    },
    "@next/swc-android-arm-eabi": {
      "version": "12.1.1",
      "resolved": "https://registry.npmjs.org/@next/swc-android-arm-eabi/-/swc-android-arm-eabi-12.1.1.tgz",
      "integrity": "sha512-phV9H6d1eK1oVC7nmKKcCXvgOWT4K7aLC/beyO6yvbFC4XtBLE21vPwVl7B4ybz5xjSa6TXoR3TMR6vkW6Mv+A==",
      "optional": true
    },
    "@next/swc-android-arm64": {
      "version": "12.1.1",
      "resolved": "https://registry.npmjs.org/@next/swc-android-arm64/-/swc-android-arm64-12.1.1.tgz",
      "integrity": "sha512-X5qEz0YeeYT0Gz2wXPAEtRKEuAsLUIEgC/DDfS98t/5Idjv0S4aqIX+TQdzoXP5bwQkIr+mSg+MBIdLtbtnCsA==",
      "optional": true
    },
    "@next/swc-darwin-arm64": {
      "version": "12.1.1",
      "resolved": "https://registry.npmjs.org/@next/swc-darwin-arm64/-/swc-darwin-arm64-12.1.1.tgz",
      "integrity": "sha512-bKKSNaTdnO3XPnfaR4NSpPcbs80fdbtOYC2lgtqLzA0bOMioupixMP5GrA/gfJHwh7GRH+A+sbgKQWsqSsYAqQ==",
      "optional": true
    },
    "@next/swc-darwin-x64": {
      "version": "12.1.1",
      "resolved": "https://registry.npmjs.org/@next/swc-darwin-x64/-/swc-darwin-x64-12.1.1.tgz",
      "integrity": "sha512-2VOsA6WLDuDBA6935djohWGGeUIKeQhXwDwu1CKx1b8+6YMMIvFr/y2dpPWoct+5/IjFz84a2MnbABwpoNB9YA==",
      "optional": true
    },
    "@next/swc-linux-arm-gnueabihf": {
      "version": "12.1.1",
      "resolved": "https://registry.npmjs.org/@next/swc-linux-arm-gnueabihf/-/swc-linux-arm-gnueabihf-12.1.1.tgz",
      "integrity": "sha512-1urXtWwqjqbbpJBWeJYz5ATgelKacVNdKIdhfahbsmW+DZGoK5TYovgieyHFYUCyHdTuKeLTVR62ahIRUBv1YA==",
      "optional": true
    },
    "@next/swc-linux-arm64-gnu": {
      "version": "12.1.1",
      "resolved": "https://registry.npmjs.org/@next/swc-linux-arm64-gnu/-/swc-linux-arm64-gnu-12.1.1.tgz",
      "integrity": "sha512-CDD9yFuknDvTOzzDnvfmb58USI5Vu6FUyzw96udKj7KA/n1YrNQ4K8X7KsDCRZoqfRWYceAyj1EpwHkfdiB7bg==",
      "optional": true
    },
    "@next/swc-linux-arm64-musl": {
      "version": "12.1.1",
      "resolved": "https://registry.npmjs.org/@next/swc-linux-arm64-musl/-/swc-linux-arm64-musl-12.1.1.tgz",
      "integrity": "sha512-nxyjgmbOpZm7gGPj9EV5Cqosoujt+ih/8SO2XG+BetgfAk0+c15793DHVAljNuc8GF9wpzqQnjMMUZ211VmQsg==",
      "optional": true
    },
    "@next/swc-linux-x64-gnu": {
      "version": "12.1.1",
      "resolved": "https://registry.npmjs.org/@next/swc-linux-x64-gnu/-/swc-linux-x64-gnu-12.1.1.tgz",
      "integrity": "sha512-L8Cu8kH3Vn2dnRpvcvGGA1TlmDP2WXJ+qDwvjb/ikDXLdRdmFvJwHh45JUGiW2FHed3lGseOgNsuYiDvnT8Cdw==",
      "optional": true
    },
    "@next/swc-linux-x64-musl": {
      "version": "12.1.1",
      "resolved": "https://registry.npmjs.org/@next/swc-linux-x64-musl/-/swc-linux-x64-musl-12.1.1.tgz",
      "integrity": "sha512-4RAb7L69MoRSggBqUfF3OrtBCUN2zPDi7asfL7bfxEhH10LGzyfil8dT0GVjPOPFz/SyLx3ORd6avGij2IlJUA==",
      "optional": true
    },
    "@next/swc-win32-arm64-msvc": {
      "version": "12.1.1",
      "resolved": "https://registry.npmjs.org/@next/swc-win32-arm64-msvc/-/swc-win32-arm64-msvc-12.1.1.tgz",
      "integrity": "sha512-zvkuNIgOxkAU3RbzWRGCcFasDxWJdhONt2YeRGe39dJERHhEFA1u4HgaZw/SFE/kfrNRUZbXjJNAg3OU/EpPZw==",
      "optional": true
    },
    "@next/swc-win32-ia32-msvc": {
      "version": "12.1.1",
      "resolved": "https://registry.npmjs.org/@next/swc-win32-ia32-msvc/-/swc-win32-ia32-msvc-12.1.1.tgz",
      "integrity": "sha512-GsNDtZ//uKWNVjiwv3YKQYsDXuRWTz8jTmxopf5Ws3dK+zA77hn4o46LBQg0JPCNqTUO6eIOlUBjqSL6ejxmSQ==",
      "optional": true
    },
    "@next/swc-win32-x64-msvc": {
      "version": "12.1.1",
      "resolved": "https://registry.npmjs.org/@next/swc-win32-x64-msvc/-/swc-win32-x64-msvc-12.1.1.tgz",
      "integrity": "sha512-nH5osn/uK9wsjT8Jh1YxMtRrkN5hoCNLQjsEdvfUfb+loQXeYiBd3n/0DUJkf6Scjfv6/htfUTPP3AEa7AbBxQ==",
      "optional": true
    },
    "@types/carbon-components": {
      "version": "10.27.1",
      "resolved": "https://registry.npmjs.org/@types/carbon-components/-/carbon-components-10.27.1.tgz",
      "integrity": "sha512-AsdKRC+pzSfuYzjKTjl3l744cIfL8Y6YhWMd69Vk4EJyTwWvf8fS4yJQng86FiW7W4Jo4y3LCDQeVo6/qbLKsw=="
    },
    "@types/carbon-components-react": {
      "version": "7.55.0",
      "resolved": "https://registry.npmjs.org/@types/carbon-components-react/-/carbon-components-react-7.55.0.tgz",
      "integrity": "sha512-p2tlcuuHRcsQ4V3HfBR0g4WCBhyOIr9p1s3T/bccRnDj/PZ/dASrzsHUsvVESq+MApMPj7ktIcp47LFpoZke7Q==",
      "requires": {
        "@types/react": "*",
        "flatpickr": "4.6.9"
      }
    },
    "@types/hoist-non-react-statics": {
      "version": "3.3.1",
      "resolved": "https://registry.npmjs.org/@types/hoist-non-react-statics/-/hoist-non-react-statics-3.3.1.tgz",
      "integrity": "sha512-iMIqiko6ooLrTh1joXodJK5X9xeEALT1kM5G3ZLhD3hszxBdIEd5C75U834D9mLcINgD4OyZf5uQXjkuYydWvA==",
      "dev": true,
      "requires": {
        "@types/react": "*",
        "hoist-non-react-statics": "^3.3.0"
      }
    },
    "@types/node": {
      "version": "12.11.7",
      "resolved": "https://registry.npmjs.org/@types/node/-/node-12.11.7.tgz",
      "integrity": "sha512-JNbGaHFCLwgHn/iCckiGSOZ1XYHsKFwREtzPwSGCVld1SGhOlmZw2D4ZI94HQCrBHbADzW9m4LER/8olJTRGHA=="
    },
    "@types/prop-types": {
      "version": "15.7.5",
      "resolved": "https://registry.npmjs.org/@types/prop-types/-/prop-types-15.7.5.tgz",
      "integrity": "sha512-JCB8C6SnDoQf0cNycqd/35A7MjcnK+ZTqE7judS6o7utxUCg6imJg3QK2qzHKszlTjcj2cn+NwMB2i96ubpj7w=="
    },
    "@types/react": {
      "version": "18.0.1",
      "resolved": "https://registry.npmjs.org/@types/react/-/react-18.0.1.tgz",
      "integrity": "sha512-VnWlrVgG0dYt+NqlfMI0yUYb8Rdl4XUROyH+c6gq/iFCiZ805Vi//26UW38DHnxQkbDhnrIWTBiy6oKZqL11cw==",
      "requires": {
        "@types/prop-types": "*",
        "@types/scheduler": "*",
        "csstype": "^3.0.2"
      }
    },
    "@types/react-dom": {
      "version": "18.0.0",
      "resolved": "https://registry.npmjs.org/@types/react-dom/-/react-dom-18.0.0.tgz",
      "integrity": "sha512-49897Y0UiCGmxZqpC8Blrf6meL8QUla6eb+BBhn69dTXlmuOlzkfr7HHY/O8J25e1lTUMs+YYxSlVDAaGHCOLg==",
      "requires": {
        "@types/react": "*"
      }
    },
    "@types/scheduler": {
      "version": "0.16.2",
      "resolved": "https://registry.npmjs.org/@types/scheduler/-/scheduler-0.16.2.tgz",
      "integrity": "sha512-hppQEBDmlwhFAXKJX2KnWLYu5yMfi91yazPb2l+lbJiwW+wdo1gNeRA+3RgNSO39WYX2euey41KEwnqesU2Jew=="
    },
    "@types/styled-components": {
      "version": "5.1.25",
      "resolved": "https://registry.npmjs.org/@types/styled-components/-/styled-components-5.1.25.tgz",
      "integrity": "sha512-fgwl+0Pa8pdkwXRoVPP9JbqF0Ivo9llnmsm+7TCI330kbPIFd9qv1Lrhr37shf4tnxCOSu+/IgqM7uJXLWZZNQ==",
      "dev": true,
      "requires": {
        "@types/hoist-non-react-statics": "*",
        "@types/react": "*",
        "csstype": "^3.0.2"
      },
      "dependencies": {
        "csstype": {
          "version": "3.0.11",
          "resolved": "https://registry.npmjs.org/csstype/-/csstype-3.0.11.tgz",
          "integrity": "sha512-sa6P2wJ+CAbgyy4KFssIb/JNMLxFvKF1pCYCSXS8ZMuqZnMsrxqI2E5sPyoTpxoPU/gVZMzr2zjOfg8GIZOMsw==",
          "dev": true
        }
      }
    },
    "ansi-styles": {
      "version": "3.2.1",
      "resolved": "https://registry.npmjs.org/ansi-styles/-/ansi-styles-3.2.1.tgz",
      "integrity": "sha512-VT0ZI6kZRdTh8YyJw3SMbYm/u+NqfsAxEpWO0Pf9sq8/e94WxxOpPKx9FR1FlyCtOVDNOQ+8ntlqFxiRc+r5qA==",
      "requires": {
        "color-convert": "^1.9.0"
      }
    },
    "babel-plugin-styled-components": {
      "version": "2.0.7",
      "resolved": "https://registry.npmjs.org/babel-plugin-styled-components/-/babel-plugin-styled-components-2.0.7.tgz",
      "integrity": "sha512-i7YhvPgVqRKfoQ66toiZ06jPNA3p6ierpfUuEWxNF+fV27Uv5gxBkf8KZLHUCc1nFA9j6+80pYoIpqCeyW3/bA==",
      "requires": {
        "@babel/helper-annotate-as-pure": "^7.16.0",
        "@babel/helper-module-imports": "^7.16.0",
        "babel-plugin-syntax-jsx": "^6.18.0",
        "lodash": "^4.17.11",
        "picomatch": "^2.3.0"
      }
    },
    "babel-plugin-syntax-jsx": {
      "version": "6.18.0",
      "resolved": "https://registry.npmjs.org/babel-plugin-syntax-jsx/-/babel-plugin-syntax-jsx-6.18.0.tgz",
      "integrity": "sha1-CvMqmm4Tyno/1QaeYtew9Y0NiUY="
    },
    "camelize": {
      "version": "1.0.0",
      "resolved": "https://registry.npmjs.org/camelize/-/camelize-1.0.0.tgz",
      "integrity": "sha1-FkpUg+Yw+kMh5a8HAg5TGDGyYJs="
    },
    "caniuse-lite": {
      "version": "1.0.30001332",
      "resolved": "https://registry.npmjs.org/caniuse-lite/-/caniuse-lite-1.0.30001332.tgz",
      "integrity": "sha512-10T30NYOEQtN6C11YGg411yebhvpnC6Z102+B95eAsN0oB6KUs01ivE8u+G6FMIRtIrVlYXhL+LUwQ3/hXwDWw=="
    },
    "carbon-components": {
      "version": "10.56.0",
      "resolved": "https://registry.npmjs.org/carbon-components/-/carbon-components-10.56.0.tgz",
      "integrity": "sha512-GPLqHiu2SWvMxcQOi/CcgA/XA3aX/5HiEPSQjLwzjKAJsnkpzq043Jf7QwgLOVbTBzGSjFbFkJnE2lc73I2WBw==",
      "requires": {
        "@carbon/telemetry": "0.1.0",
        "flatpickr": "4.6.1",
        "lodash.debounce": "^4.0.8",
        "warning": "^3.0.0"
      },
      "dependencies": {
        "flatpickr": {
          "version": "4.6.1",
          "resolved": "https://registry.npmjs.org/flatpickr/-/flatpickr-4.6.1.tgz",
          "integrity": "sha512-3ULSxbXmcMIRzer/2jLNweoqHpwDvsjEawO2FUd9UFR8uPwLM+LruZcPDpuZStcEgbQKhuFOfXo4nYdGladSNw=="
        }
      }
    },
    "carbon-components-react": {
      "version": "8.1.0",
      "resolved": "https://registry.npmjs.org/carbon-components-react/-/carbon-components-react-8.1.0.tgz",
      "integrity": "sha512-W6pabFF+RWPFf61FR9/TNjDCNu5YkjHnE9xQAISwI5t1JE25z4RJ2p31EBb4GODqqc9FzRsMuycCue4FM23N1Q==",
      "requires": {
        "@carbon/react": "^1.1.0",
        "@carbon/styles": "^1.1.0",
        "@carbon/telemetry": "0.1.0"
      }
    },
    "carbon-icons": {
      "version": "7.0.7",
      "resolved": "https://registry.npmjs.org/carbon-icons/-/carbon-icons-7.0.7.tgz",
      "integrity": "sha512-3vgkdXJRgCViCrH3fLUdyAXo0I8wmohO6QETv7vWFx6yc7s+SirWFBSFL38zUx4MHtR8iTxIlLEzkeU6FlFtXg=="
    },
    "chalk": {
      "version": "2.4.2",
      "resolved": "https://registry.npmjs.org/chalk/-/chalk-2.4.2.tgz",
      "integrity": "sha512-Mti+f9lpJNcwF4tWV8/OrTTtF1gZi+f8FqlyAdouralcFWFQWF2+NgCHShjkCb+IFBLq9buZwE1xckQU4peSuQ==",
      "requires": {
        "ansi-styles": "^3.2.1",
        "escape-string-regexp": "^1.0.5",
        "supports-color": "^5.3.0"
      }
    },
    "classnames": {
      "version": "2.3.1",
      "resolved": "https://registry.npmjs.org/classnames/-/classnames-2.3.1.tgz",
      "integrity": "sha512-OlQdbZ7gLfGarSqxesMesDa5uz7KFbID8Kpq/SxIoNGDqY8lSYs0D+hhtBXhcdB3rcbXArFr7vlHheLk1voeNA=="
    },
    "color": {
      "version": "3.2.1",
      "resolved": "https://registry.npmjs.org/color/-/color-3.2.1.tgz",
      "integrity": "sha512-aBl7dZI9ENN6fUGC7mWpMTPNHmWUSNan9tuWN6ahh5ZLNk9baLJOnSMlrQkHcrfFgz2/RigjUVAjdx36VcemKA==",
      "requires": {
        "color-convert": "^1.9.3",
        "color-string": "^1.6.0"
      }
    },
    "color-convert": {
      "version": "1.9.3",
      "resolved": "https://registry.npmjs.org/color-convert/-/color-convert-1.9.3.tgz",
      "integrity": "sha512-QfAUtd+vFdAtFQcC8CCyYt1fYWxSqAiK2cSD6zDB8N3cpsEBAvRxp9zOGg6G/SHHJYAT88/az/IuDGALsNVbGg==",
      "requires": {
        "color-name": "1.1.3"
      }
    },
    "color-name": {
      "version": "1.1.3",
      "resolved": "https://registry.npmjs.org/color-name/-/color-name-1.1.3.tgz",
      "integrity": "sha1-p9BVi9icQveV3UIyj3QIMcpTvCU="
    },
    "color-string": {
      "version": "1.9.1",
      "resolved": "https://registry.npmjs.org/color-string/-/color-string-1.9.1.tgz",
      "integrity": "sha512-shrVawQFojnZv6xM40anx4CkoDP+fZsw/ZerEMsW/pyzsRbElpsL/DBVW7q3ExxwusdNXI3lXpuhEZkzs8p5Eg==",
      "requires": {
        "color-name": "^1.0.0",
        "simple-swizzle": "^0.2.2"
      }
    },
    "compute-scroll-into-view": {
      "version": "1.0.17",
      "resolved": "https://registry.npmjs.org/compute-scroll-into-view/-/compute-scroll-into-view-1.0.17.tgz",
      "integrity": "sha512-j4dx+Fb0URmzbwwMUrhqWM2BEWHdFGx+qZ9qqASHRPqvTYdqvWnHg0H1hIbcyLnvgnoNAVMlwkepyqM3DaIFUg=="
    },
    "copy-to-clipboard": {
      "version": "3.3.1",
      "resolved": "https://registry.npmjs.org/copy-to-clipboard/-/copy-to-clipboard-3.3.1.tgz",
      "integrity": "sha512-i13qo6kIHTTpCm8/Wup+0b1mVWETvu2kIMzKoK8FpkLkFxlt0znUAHcMzox+T8sPlqtZXq3CulEjQHsYiGFJUw==",
      "requires": {
        "toggle-selection": "^1.0.6"
      }
    },
    "css-color-keywords": {
      "version": "1.0.0",
      "resolved": "https://registry.npmjs.org/css-color-keywords/-/css-color-keywords-1.0.0.tgz",
      "integrity": "sha1-/qJhbcZ2spYmhrOvjb2+GAskTgU="
    },
    "css-to-react-native": {
      "version": "3.0.0",
      "resolved": "https://registry.npmjs.org/css-to-react-native/-/css-to-react-native-3.0.0.tgz",
      "integrity": "sha512-Ro1yETZA813eoyUp2GDBhG2j+YggidUmzO1/v9eYBKR2EHVEniE2MI/NqpTQ954BMpTPZFsGNPm46qFB9dpaPQ==",
      "requires": {
        "camelize": "^1.0.0",
        "css-color-keywords": "^1.0.0",
        "postcss-value-parser": "^4.0.2"
      }
    },
    "csstype": {
      "version": "3.0.11",
      "resolved": "https://registry.npmjs.org/csstype/-/csstype-3.0.11.tgz",
      "integrity": "sha512-sa6P2wJ+CAbgyy4KFssIb/JNMLxFvKF1pCYCSXS8ZMuqZnMsrxqI2E5sPyoTpxoPU/gVZMzr2zjOfg8GIZOMsw=="
    },
    "debug": {
      "version": "4.3.4",
      "resolved": "https://registry.npmjs.org/debug/-/debug-4.3.4.tgz",
      "integrity": "sha512-PRWFHuSU3eDtQJPvnNY7Jcket1j0t5OuOsFzPPzsekD52Zl8qUfFIPEiswXqIvHWGVHOgX+7G/vCNNhehwxfkQ==",
      "requires": {
        "ms": "2.1.2"
      }
    },
    "downshift": {
      "version": "5.2.1",
      "resolved": "https://registry.npmjs.org/downshift/-/downshift-5.2.1.tgz",
      "integrity": "sha512-uHX2OLbWthLR8QbR8NCI8OmjvvJxq8+PrA95KblFd9JyB1zVZh1HnszzsWMMCnMuH6IvsUtVfF5HY7XfijJ2dw==",
      "requires": {
        "@babel/runtime": "^7.9.1",
        "compute-scroll-into-view": "^1.0.13",
        "prop-types": "^15.7.2",
        "react-is": "^16.13.1"
      }
    },
    "escape-string-regexp": {
      "version": "1.0.5",
      "resolved": "https://registry.npmjs.org/escape-string-regexp/-/escape-string-regexp-1.0.5.tgz",
      "integrity": "sha1-G2HAViGQqN/2rjuyzwIAyhMLhtQ="
    },
    "flatpickr": {
      "version": "4.6.9",
      "resolved": "https://registry.npmjs.org/flatpickr/-/flatpickr-4.6.9.tgz",
      "integrity": "sha512-F0azNNi8foVWKSF+8X+ZJzz8r9sE1G4hl06RyceIaLvyltKvDl6vqk9Lm/6AUUCi5HWaIjiUbk7UpeE/fOXOpw=="
    },
    "globals": {
      "version": "11.12.0",
      "resolved": "https://registry.npmjs.org/globals/-/globals-11.12.0.tgz",
      "integrity": "sha512-WOBp/EEGUiIsJSp7wcv/y6MO+lV9UoncWqxuFfm8eBwzWNgyfBd6Gz+IeKQ9jCmyhoH99g15M3T+QaVHFjizVA=="
    },
    "has-flag": {
      "version": "3.0.0",
      "resolved": "https://registry.npmjs.org/has-flag/-/has-flag-3.0.0.tgz",
      "integrity": "sha1-tdRU3CGZriJWmfNGfloH87lVuv0="
    },
    "hoist-non-react-statics": {
      "version": "3.3.2",
      "resolved": "https://registry.npmjs.org/hoist-non-react-statics/-/hoist-non-react-statics-3.3.2.tgz",
      "integrity": "sha512-/gGivxi8JPKWNm/W0jSmzcMPpfpPLc3dY/6GxhX2hQ9iGj3aDfklV4ET7NjKpSinLpJ5vafa9iiGIEZg10SfBw==",
      "requires": {
        "react-is": "^16.7.0"
      }
    },
    "invariant": {
      "version": "2.2.4",
      "resolved": "https://registry.npmjs.org/invariant/-/invariant-2.2.4.tgz",
      "integrity": "sha512-phJfQVBuaJM5raOpJjSfkiD6BpbCE4Ns//LaXl6wGYtUBY83nWS6Rf9tXm2e8VaK60JEjYldbPif/A2B1C2gNA==",
      "requires": {
        "loose-envify": "^1.0.0"
      }
    },
    "is-arrayish": {
      "version": "0.3.2",
      "resolved": "https://registry.npmjs.org/is-arrayish/-/is-arrayish-0.3.2.tgz",
      "integrity": "sha512-eVRqCvVlZbuw3GrM63ovNSNAeA1K16kaR/LRY/92w0zxQ5/1YzwblUX652i4Xs9RwAGjW9d9y6X88t8OaAJfWQ=="
    },
    "js-tokens": {
      "version": "4.0.0",
      "resolved": "https://registry.npmjs.org/js-tokens/-/js-tokens-4.0.0.tgz",
      "integrity": "sha512-RdJUflcE3cUzKiMqQgsCu06FPu9UdIJO0beYbPhHN4k6apgJtifcoCtT9bcxOpYBtpD2kCM6Sbzg4CausW/PKQ=="
    },
    "jsesc": {
      "version": "2.5.2",
      "resolved": "https://registry.npmjs.org/jsesc/-/jsesc-2.5.2.tgz",
      "integrity": "sha512-OYu7XEzjkCQ3C5Ps3QIZsQfNpqoJyZZA99wd9aWd05NCtC5pWOkShK2mkL6HXQR6/Cy2lbNdPlZBpuQHXE63gA=="
    },
    "lodash": {
      "version": "4.17.21",
      "resolved": "https://registry.npmjs.org/lodash/-/lodash-4.17.21.tgz",
      "integrity": "sha512-v2kDEe57lecTulaDIuNTPy3Ry4gLGJ6Z1O3vE1krgXZNrsQ+LFTGHVxVjcXPs17LhbZVGedAJv8XZ1tvj5FvSg=="
    },
    "lodash.debounce": {
      "version": "4.0.8",
      "resolved": "https://registry.npmjs.org/lodash.debounce/-/lodash.debounce-4.0.8.tgz",
      "integrity": "sha1-gteb/zCmfEAF/9XiUVMArZyk168="
    },
    "lodash.findlast": {
      "version": "4.6.0",
      "resolved": "https://registry.npmjs.org/lodash.findlast/-/lodash.findlast-4.6.0.tgz",
      "integrity": "sha1-6ou3jPLn54BPyK630ZU+B/4x+8g="
    },
    "lodash.isequal": {
      "version": "4.5.0",
      "resolved": "https://registry.npmjs.org/lodash.isequal/-/lodash.isequal-4.5.0.tgz",
      "integrity": "sha1-QVxEePK8wwEgwizhDtMib30+GOA="
    },
    "lodash.omit": {
      "version": "4.5.0",
      "resolved": "https://registry.npmjs.org/lodash.omit/-/lodash.omit-4.5.0.tgz",
      "integrity": "sha1-brGa5aHuHdnfC5aeZs4Lf6MLXmA="
    },
    "lodash.throttle": {
      "version": "4.1.1",
      "resolved": "https://registry.npmjs.org/lodash.throttle/-/lodash.throttle-4.1.1.tgz",
      "integrity": "sha1-wj6RtxAkKscMN/HhzaknTMOb8vQ="
    },
    "loose-envify": {
      "version": "1.4.0",
      "resolved": "https://registry.npmjs.org/loose-envify/-/loose-envify-1.4.0.tgz",
      "integrity": "sha512-lyuxPGr/Wfhrlem2CL/UcnUc1zcqKAImBDzukY7Y5F/yQiNdko6+fRLevlw1HgMySw7f611UIY408EtxRSoK3Q==",
      "requires": {
        "js-tokens": "^3.0.0 || ^4.0.0"
      }
    },
    "ms": {
      "version": "2.1.2",
      "resolved": "https://registry.npmjs.org/ms/-/ms-2.1.2.tgz",
      "integrity": "sha512-sGkPx+VjMtmA6MX27oA4FBFELFCZZ4S4XqeGOXCv68tT+jb3vk/RyaKWP0PTKyWtmLSM0b+adUTEvbs1PEaH2w=="
    },
    "nanoid": {
      "version": "3.3.3",
      "resolved": "https://registry.npmjs.org/nanoid/-/nanoid-3.3.3.tgz",
      "integrity": "sha512-p1sjXuopFs0xg+fPASzQ28agW1oHD7xDsd9Xkf3T15H3c/cifrFHVwrh74PdoklAPi+i7MdRsE47vm2r6JoB+w=="
    },
    "next": {
      "version": "12.1.1",
      "resolved": "https://registry.npmjs.org/next/-/next-12.1.1.tgz",
      "integrity": "sha512-IOfEIAgroMtsoYz6HXpDS+b5WB9WZ+MH266COXGlcpIiYSgUyJf9xV6vF+zY2RPvBJFT4fUW0EVdVnoOmTloDw==",
      "requires": {
        "@next/env": "12.1.1",
        "@next/swc-android-arm-eabi": "12.1.1",
        "@next/swc-android-arm64": "12.1.1",
        "@next/swc-darwin-arm64": "12.1.1",
        "@next/swc-darwin-x64": "12.1.1",
        "@next/swc-linux-arm-gnueabihf": "12.1.1",
        "@next/swc-linux-arm64-gnu": "12.1.1",
        "@next/swc-linux-arm64-musl": "12.1.1",
        "@next/swc-linux-x64-gnu": "12.1.1",
        "@next/swc-linux-x64-musl": "12.1.1",
        "@next/swc-win32-arm64-msvc": "12.1.1",
        "@next/swc-win32-ia32-msvc": "12.1.1",
        "@next/swc-win32-x64-msvc": "12.1.1",
        "caniuse-lite": "^1.0.30001283",
        "postcss": "8.4.5",
        "styled-jsx": "5.0.1",
        "use-subscription": "1.5.1"
      }
    },
    "object-assign": {
      "version": "4.1.1",
      "resolved": "https://registry.npmjs.org/object-assign/-/object-assign-4.1.1.tgz",
      "integrity": "sha1-IQmtx5ZYh8/AXLvUQsrIv7s2CGM="
    },
    "picocolors": {
      "version": "1.0.0",
      "resolved": "https://registry.npmjs.org/picocolors/-/picocolors-1.0.0.tgz",
      "integrity": "sha512-1fygroTLlHu66zi26VoTDv8yRgm0Fccecssto+MhsZ0D/DGW2sm8E8AjW7NU5VVTRt5GxbeZ5qBuJr+HyLYkjQ=="
    },
    "picomatch": {
      "version": "2.3.1",
      "resolved": "https://registry.npmjs.org/picomatch/-/picomatch-2.3.1.tgz",
      "integrity": "sha512-JU3teHTNjmE2VCGFzuY8EXzCDVwEqB2a8fsIvwaStHhAWJEeVd1o1QD80CU6+ZdEXXSLbSsuLwJjkCBWqRQUVA=="
    },
    "postcss": {
      "version": "8.4.5",
      "resolved": "https://registry.npmjs.org/postcss/-/postcss-8.4.5.tgz",
      "integrity": "sha512-jBDboWM8qpaqwkMwItqTQTiFikhs/67OYVvblFFTM7MrZjt6yMKd6r2kgXizEbTTljacm4NldIlZnhbjr84QYg==",
      "requires": {
        "nanoid": "^3.1.30",
        "picocolors": "^1.0.0",
        "source-map-js": "^1.0.1"
      }
    },
    "postcss-value-parser": {
      "version": "4.2.0",
      "resolved": "https://registry.npmjs.org/postcss-value-parser/-/postcss-value-parser-4.2.0.tgz",
      "integrity": "sha512-1NNCs6uurfkVbeXG4S8JFT9t19m45ICnif8zWLd5oPSZ50QnwMfK+H3jv408d4jw/7Bttv5axS5IiHoLaVNHeQ=="
    },
    "prop-types": {
      "version": "15.8.1",
      "resolved": "https://registry.npmjs.org/prop-types/-/prop-types-15.8.1.tgz",
      "integrity": "sha512-oj87CgZICdulUohogVAR7AjlC0327U4el4L6eAvOqCeudMDVU0NThNaV+b9Df4dXgSP1gXMTnPdhfe/2qDH5cg==",
      "requires": {
        "loose-envify": "^1.4.0",
        "object-assign": "^4.1.1",
        "react-is": "^16.13.1"
      }
    },
    "react": {
      "version": "18.1.0",
      "resolved": "https://registry.npmjs.org/react/-/react-18.1.0.tgz",
      "integrity": "sha512-4oL8ivCz5ZEPyclFQXaNksK3adutVS8l2xzZU0cqEFrE9Sb7fC0EFK5uEk74wIreL1DERyjvsU915j1pcT2uEQ==",
      "requires": {
        "loose-envify": "^1.1.0"
      }
    },
    "react-dom": {
      "version": "18.1.0",
      "resolved": "https://registry.npmjs.org/react-dom/-/react-dom-18.1.0.tgz",
      "integrity": "sha512-fU1Txz7Budmvamp7bshe4Zi32d0ll7ect+ccxNu9FlObT605GOEB8BfO4tmRJ39R5Zj831VCpvQ05QPBW5yb+w==",
      "requires": {
        "loose-envify": "^1.1.0",
        "scheduler": "^0.22.0"
      }
    },
    "react-is": {
      "version": "16.13.1",
      "resolved": "https://registry.npmjs.org/react-is/-/react-is-16.13.1.tgz",
      "integrity": "sha512-24e6ynE2H+OKt4kqsOvNd8kBpV65zoxbA4BVsEOB3ARVWQki/DHzaUoC5KuON/BiccDaCCTZBuOcfZs70kR8bQ=="
    },
    "regenerator-runtime": {
      "version": "0.13.9",
      "resolved": "https://registry.npmjs.org/regenerator-runtime/-/regenerator-runtime-0.13.9.tgz",
      "integrity": "sha512-p3VT+cOEgxFsRRA9X4lkI1E+k2/CtnKtU4gcxyaCUreilL/vqI6CdZ3wxVUx3UOUg+gnUOQQcRI7BmSI656MYA=="
    },
    "resize-observer-polyfill": {
      "version": "1.5.1",
      "resolved": "https://registry.npmjs.org/resize-observer-polyfill/-/resize-observer-polyfill-1.5.1.tgz",
      "integrity": "sha512-LwZrotdHOo12nQuZlHEmtuXdqGoOD0OhaxopaNFxWzInpEgaLWoVuAMbTzixuosCx2nEG58ngzW3vxdWoxIgdg=="
    },
    "scheduler": {
      "version": "0.22.0",
      "resolved": "https://registry.npmjs.org/scheduler/-/scheduler-0.22.0.tgz",
      "integrity": "sha512-6QAm1BgQI88NPYymgGQLCZgvep4FyePDWFpXVK+zNSUgHwlqpJy8VEh8Et0KxTACS4VWwMousBElAZOH9nkkoQ==",
      "requires": {
        "loose-envify": "^1.1.0"
      }
    },
    "shallowequal": {
      "version": "1.1.0",
      "resolved": "https://registry.npmjs.org/shallowequal/-/shallowequal-1.1.0.tgz",
      "integrity": "sha512-y0m1JoUZSlPAjXVtPPW70aZWfIL/dSP7AFkRnniLCrK/8MDKog3TySTBmckD+RObVxH0v4Tox67+F14PdED2oQ=="
    },
    "simple-swizzle": {
      "version": "0.2.2",
      "resolved": "https://registry.npmjs.org/simple-swizzle/-/simple-swizzle-0.2.2.tgz",
      "integrity": "sha1-pNprY1/8zMoz9w0Xy5JZLeleVXo=",
      "requires": {
        "is-arrayish": "^0.3.1"
      }
    },
    "source-map": {
      "version": "0.5.7",
      "resolved": "https://registry.npmjs.org/source-map/-/source-map-0.5.7.tgz",
      "integrity": "sha1-igOdLRAh0i0eoUyA2OpGi6LvP8w="
    },
    "source-map-js": {
      "version": "1.0.2",
      "resolved": "https://registry.npmjs.org/source-map-js/-/source-map-js-1.0.2.tgz",
      "integrity": "sha512-R0XvVJ9WusLiqTCEiGCmICCMplcCkIwwR11mOSD9CR5u+IXYdiseeEuXCVAjS54zqwkLcPNnmU4OeJ6tUrWhDw=="
    },
    "styled-components": {
      "version": "5.3.5",
      "resolved": "https://registry.npmjs.org/styled-components/-/styled-components-5.3.5.tgz",
      "integrity": "sha512-ndETJ9RKaaL6q41B69WudeqLzOpY1A/ET/glXkNZ2T7dPjPqpPCXXQjDFYZWwNnE5co0wX+gTCqx9mfxTmSIPg==",
      "requires": {
        "@babel/helper-module-imports": "^7.0.0",
        "@babel/traverse": "^7.4.5",
        "@emotion/is-prop-valid": "^1.1.0",
        "@emotion/stylis": "^0.8.4",
        "@emotion/unitless": "^0.7.4",
        "babel-plugin-styled-components": ">= 1.12.0",
        "css-to-react-native": "^3.0.0",
        "hoist-non-react-statics": "^3.0.0",
        "shallowequal": "^1.1.0",
        "supports-color": "^5.5.0"
      }
    },
    "styled-jsx": {
      "version": "5.0.1",
      "resolved": "https://registry.npmjs.org/styled-jsx/-/styled-jsx-5.0.1.tgz",
      "integrity": "sha512-+PIZ/6Uk40mphiQJJI1202b+/dYeTVd9ZnMPR80pgiWbjIwvN2zIp4r9et0BgqBuShh48I0gttPlAXA7WVvBxw=="
    },
    "supports-color": {
      "version": "5.5.0",
      "resolved": "https://registry.npmjs.org/supports-color/-/supports-color-5.5.0.tgz",
      "integrity": "sha512-QjVjwdXIt408MIiAqCX4oUKsgU2EqAGzs2Ppkm4aQYbjm+ZEWEcW4SfFNTr4uMNZma0ey4f5lgLrkB0aX0QMow==",
      "requires": {
        "has-flag": "^3.0.0"
      }
    },
    "to-fast-properties": {
      "version": "2.0.0",
      "resolved": "https://registry.npmjs.org/to-fast-properties/-/to-fast-properties-2.0.0.tgz",
      "integrity": "sha1-3F5pjL0HkmW8c+A3doGk5Og/YW4="
    },
    "toggle-selection": {
      "version": "1.0.6",
      "resolved": "https://registry.npmjs.org/toggle-selection/-/toggle-selection-1.0.6.tgz",
      "integrity": "sha1-bkWxJj8gF/oKzH2J14sVuL932jI="
    },
    "typescript": {
      "version": "4.4.3",
      "resolved": "https://registry.npmjs.org/typescript/-/typescript-4.4.3.tgz",
      "integrity": "sha512-4xfscpisVgqqDfPaJo5vkd+Qd/ItkoagnHpufr+i2QCHBsNYp+G7UAoyFl8aPtx879u38wPV65rZ8qbGZijalA=="
    },
    "use-resize-observer": {
      "version": "6.1.0",
      "resolved": "https://registry.npmjs.org/use-resize-observer/-/use-resize-observer-6.1.0.tgz",
      "integrity": "sha512-SiPcWHiIQ1CnHmb6PxbYtygqiZXR0U9dNkkbpX9VYnlstUwF8+QqpUTrzh13pjPwcjMVGR+QIC+nvF5ujfFNng==",
      "requires": {
        "resize-observer-polyfill": "^1.5.1"
      }
    },
    "use-subscription": {
      "version": "1.5.1",
      "resolved": "https://registry.npmjs.org/use-subscription/-/use-subscription-1.5.1.tgz",
      "integrity": "sha512-Xv2a1P/yReAjAbhylMfFplFKj9GssgTwN7RlcTxBujFQcloStWNDQdc4g4NRWH9xS4i/FDk04vQBptAXoF3VcA==",
      "requires": {
        "object-assign": "^4.1.1"
      }
    },
    "warning": {
      "version": "3.0.0",
      "resolved": "https://registry.npmjs.org/warning/-/warning-3.0.0.tgz",
      "integrity": "sha1-MuU3fLVy3kqwR1O9+IIcAe1gW3w=",
      "requires": {
        "loose-envify": "^1.0.0"
      }
    },
    "wicg-inert": {
      "version": "3.1.1",
      "resolved": "https://registry.npmjs.org/wicg-inert/-/wicg-inert-3.1.1.tgz",
      "integrity": "sha512-PhBaNh8ur9Xm4Ggy4umelwNIP6pPP1bv3EaWaKqfb/QNme2rdLjm7wIInvV4WhxVHhzA4Spgw9qNSqWtB/ca2A=="
    },
    "window-or-global": {
      "version": "1.0.1",
      "resolved": "https://registry.npmjs.org/window-or-global/-/window-or-global-1.0.1.tgz",
      "integrity": "sha1-2+RboqKRqrxW1iz2bEW3+jIpRt4="
    }
  }
}
